# @generated - this file is auto-generated by `mise lock` https://mise.jdx.dev/dev-tools/mise-lock.html

[[tools."cargo:cargo-auditable"]]
version = "0.7.5"
backend = "cargo:cargo-auditable"

[[tools."cargo:cargo-fuzz"]]
version = "0.13.2"
backend = "cargo:cargo-fuzz"

[[tools.rust]]
version = "1.97.1"
backend = "core:rust"

[tools.rust.options]
components = "clippy,llvm-tools,rustfmt"

[[tools.rust]]
version = "nightly-2026-07-20"
backend = "core:rust"

[tools.rust.options]
components = "rust-src"
