# @generated - this file is auto-generated by `mise lock` https://mise.jdx.dev/dev-tools/mise-lock.html

[[tools.actionlint]]
version = "1.7.12"
backend = "aqua:rhysd/actionlint"

[tools.actionlint."platforms.linux-arm64"]
checksum = "sha256:325e971b6ba9bfa504672e29be93c24981eeb1c07576d730e9f7c8805afff0c6"
url = "https://github.com/rhysd/actionlint/releases/download/v1.7.12/actionlint_1.7.12_linux_arm64.tar.gz"
url_api = "https://api.github.com/repos/rhysd/actionlint/releases/assets/384924897"
provenance = "github-attestations"

[tools.actionlint."platforms.linux-arm64-musl"]
checksum = "sha256:325e971b6ba9bfa504672e29be93c24981eeb1c07576d730e9f7c8805afff0c6"
url = "https://github.com/rhysd/actionlint/releases/download/v1.7.12/actionlint_1.7.12_linux_arm64.tar.gz"
url_api = "https://api.github.com/repos/rhysd/actionlint/releases/assets/384924897"
provenance = "github-attestations"

[tools.actionlint."platforms.linux-x64"]
checksum = "sha256:8aca8db96f1b94770f1b0d72b6dddcb1ebb8123cb3712530b08cc387b349a3d8"
url = "https://github.com/rhysd/actionlint/releases/download/v1.7.12/actionlint_1.7.12_linux_amd64.tar.gz"
url_api = "https://api.github.com/repos/rhysd/actionlint/releases/assets/384924896"
provenance = "github-attestations"

[tools.actionlint."platforms.linux-x64-musl"]
checksum = "sha256:8aca8db96f1b94770f1b0d72b6dddcb1ebb8123cb3712530b08cc387b349a3d8"
url = "https://github.com/rhysd/actionlint/releases/download/v1.7.12/actionlint_1.7.12_linux_amd64.tar.gz"
url_api = "https://api.github.com/repos/rhysd/actionlint/releases/assets/384924896"
provenance = "github-attestations"

[tools.actionlint."platforms.macos-arm64"]
checksum = "sha256:aba9ced2dee8d27fecca3dc7feb1a7f9a52caefa1eb46f3271ea66b6e0e6953f"
url = "https://github.com/rhysd/actionlint/releases/download/v1.7.12/actionlint_1.7.12_darwin_arm64.tar.gz"
url_api = "https://api.github.com/repos/rhysd/actionlint/releases/assets/384924893"
provenance = "github-attestations"

[tools.actionlint."platforms.macos-x64"]
checksum = "sha256:5b44c3bc2255115c9b69e30efc0fecdf498fdb63c5d58e17084fd5f16324c644"
url = "https://github.com/rhysd/actionlint/releases/download/v1.7.12/actionlint_1.7.12_darwin_amd64.tar.gz"
url_api = "https://api.github.com/repos/rhysd/actionlint/releases/assets/384924880"
provenance = "github-attestations"

[tools.actionlint."platforms.windows-x64"]
checksum = "sha256:6e7241b51e6817ea6a047693d8e6fed13b31819c9a0dd6c5a726e1592d22f6e9"
url = "https://github.com/rhysd/actionlint/releases/download/v1.7.12/actionlint_1.7.12_windows_amd64.zip"
url_api = "https://api.github.com/repos/rhysd/actionlint/releases/assets/384924919"
provenance = "github-attestations"

[[tools."aqua:EmbarkStudios/cargo-deny"]]
version = "0.20.2"
backend = "aqua:EmbarkStudios/cargo-deny"

[tools."aqua:EmbarkStudios/cargo-deny"."platforms.linux-arm64"]
checksum = "sha256:995c82be0defc7a025cae49a2aa2644ce8245c9a3318fc4103907c6a285e8c7d"
url = "https://github.com/EmbarkStudios/cargo-deny/releases/download/0.20.2/cargo-deny-0.20.2-aarch64-unknown-linux-musl.tar.gz"
url_api = "https://api.github.com/repos/EmbarkStudios/cargo-deny/releases/assets/471598345"

[tools."aqua:EmbarkStudios/cargo-deny"."platforms.linux-arm64-musl"]
checksum = "sha256:995c82be0defc7a025cae49a2aa2644ce8245c9a3318fc4103907c6a285e8c7d"
url = "https://github.com/EmbarkStudios/cargo-deny/releases/download/0.20.2/cargo-deny-0.20.2-aarch64-unknown-linux-musl.tar.gz"
url_api = "https://api.github.com/repos/EmbarkStudios/cargo-deny/releases/assets/471598345"

[tools."aqua:EmbarkStudios/cargo-deny"."platforms.linux-x64"]
checksum = "sha256:9f12ed4c49936e09b48bf862b595cde2fe64fcbd9d74dfacac6131ca824c8d5f"
url = "https://github.com/EmbarkStudios/cargo-deny/releases/download/0.20.2/cargo-deny-0.20.2-x86_64-unknown-linux-musl.tar.gz"
url_api = "https://api.github.com/repos/EmbarkStudios/cargo-deny/releases/assets/471598214"

[tools."aqua:EmbarkStudios/cargo-deny"."platforms.linux-x64-musl"]
checksum = "sha256:9f12ed4c49936e09b48bf862b595cde2fe64fcbd9d74dfacac6131ca824c8d5f"
url = "https://github.com/EmbarkStudios/cargo-deny/releases/download/0.20.2/cargo-deny-0.20.2-x86_64-unknown-linux-musl.tar.gz"
url_api = "https://api.github.com/repos/EmbarkStudios/cargo-deny/releases/assets/471598214"

[tools."aqua:EmbarkStudios/cargo-deny"."platforms.macos-arm64"]
checksum = "sha256:fe67d82a10d8597a3549364cb733a3f9cc1bfff9031b7ae46384a9f2a72090c3"
url = "https://github.com/EmbarkStudios/cargo-deny/releases/download/0.20.2/cargo-deny-0.20.2-aarch64-apple-darwin.tar.gz"
url_api = "https://api.github.com/repos/EmbarkStudios/cargo-deny/releases/assets/471597689"

[tools."aqua:EmbarkStudios/cargo-deny"."platforms.macos-x64"]
checksum = "sha256:248da7f581724e470071990c088ffc55c811981715f4cbdb258621fb79f8b7a6"
url = "https://github.com/EmbarkStudios/cargo-deny/releases/download/0.20.2/cargo-deny-0.20.2-x86_64-apple-darwin.tar.gz"
url_api = "https://api.github.com/repos/EmbarkStudios/cargo-deny/releases/assets/471598357"

[tools."aqua:EmbarkStudios/cargo-deny"."platforms.windows-x64"]
checksum = "sha256:975a22143262fd27476d19ee00c7af67978426e40e1dee94eed6bbade1cf87dc"
url = "https://github.com/EmbarkStudios/cargo-deny/releases/download/0.20.2/cargo-deny-0.20.2-x86_64-pc-windows-msvc.tar.gz"
url_api = "https://api.github.com/repos/EmbarkStudios/cargo-deny/releases/assets/471599057"

[[tools."aqua:orhun/git-cliff"]]
version = "2.13.1"
backend = "aqua:orhun/git-cliff"

[tools."aqua:orhun/git-cliff"."platforms.linux-arm64"]
checksum = "sha256:4054c124b926c117f3fa048939bc8be0a954f29f3b6f367627e8cb22c1971882"
url = "https://github.com/orhun/git-cliff/releases/download/v2.13.1/git-cliff-2.13.1-aarch64-unknown-linux-musl.tar.gz"
url_api = "https://api.github.com/repos/orhun/git-cliff/releases/assets/405850720"

[tools."aqua:orhun/git-cliff"."platforms.linux-x64"]
checksum = "sha256:200d2535da6d9703f3bcc8a4d159c3b55eacdb01cf2148c55b3eee9dd04d5249"
url = "https://github.com/orhun/git-cliff/releases/download/v2.13.1/git-cliff-2.13.1-x86_64-unknown-linux-musl.tar.gz"
url_api = "https://api.github.com/repos/orhun/git-cliff/releases/assets/405850671"

[tools."aqua:orhun/git-cliff"."platforms.macos-arm64"]
checksum = "sha256:21547ae4a0421164070ab75c2522864ea5565858a011fabc5f583061b20f1226"
url = "https://github.com/orhun/git-cliff/releases/download/v2.13.1/git-cliff-2.13.1-aarch64-apple-darwin.tar.gz"
url_api = "https://api.github.com/repos/orhun/git-cliff/releases/assets/405849885"

[[tools."aqua:taiki-e/cargo-llvm-cov"]]
version = "0.8.7"
backend = "aqua:taiki-e/cargo-llvm-cov"

[tools."aqua:taiki-e/cargo-llvm-cov"."platforms.linux-arm64"]
checksum = "sha256:b7bb2ad514166f3b19fc06874c577eefde0010e5ac571f9ae33ff45cd19a4785"
url = "https://github.com/taiki-e/cargo-llvm-cov/releases/download/v0.8.7/cargo-llvm-cov-aarch64-unknown-linux-musl.tar.gz"
url_api = "https://api.github.com/repos/taiki-e/cargo-llvm-cov/releases/assets/418861713"
provenance = "github-attestations"

[tools."aqua:taiki-e/cargo-llvm-cov"."platforms.linux-x64"]
checksum = "sha256:967b5cc996c29d8baa52bbb4595ef1f53af35255af8e2036ddbc6468d7b523c7"
url = "https://github.com/taiki-e/cargo-llvm-cov/releases/download/v0.8.7/cargo-llvm-cov-x86_64-unknown-linux-musl.tar.gz"
url_api = "https://api.github.com/repos/taiki-e/cargo-llvm-cov/releases/assets/418861752"
provenance = "github-attestations"

[tools."aqua:taiki-e/cargo-llvm-cov"."platforms.macos-arm64"]
checksum = "sha256:3efee732ed7e9a653e20d96c930e0ec799901289cce90f46bb20f627e2c0d2e9"
url = "https://github.com/taiki-e/cargo-llvm-cov/releases/download/v0.8.7/cargo-llvm-cov-aarch64-apple-darwin.tar.gz"
url_api = "https://api.github.com/repos/taiki-e/cargo-llvm-cov/releases/assets/418861557"
provenance = "github-attestations"

[[tools."aqua:zizmorcore/zizmor"]]
version = "1.29.0"
backend = "aqua:zizmorcore/zizmor"

[tools."aqua:zizmorcore/zizmor"."platforms.linux-arm64"]
checksum = "sha256:415eaa7c0a06479a701b8e44a3e812c1047decc848ec4bede7bd6bbf49f22d20"
url = "https://github.com/zizmorcore/zizmor/releases/download/v1.29.0/zizmor-aarch64-unknown-linux-gnu.tar.gz"
url_api = "https://api.github.com/repos/zizmorcore/zizmor/releases/assets/498263143"
provenance = "github-attestations"

[tools."aqua:zizmorcore/zizmor"."platforms.linux-x64"]
checksum = "sha256:dd96df044a6e8538d5f423790f453bdd03d49e5b2bcc38214acc41a2f1297839"
url = "https://github.com/zizmorcore/zizmor/releases/download/v1.29.0/zizmor-x86_64-unknown-linux-gnu.tar.gz"
url_api = "https://api.github.com/repos/zizmorcore/zizmor/releases/assets/498263145"
provenance = "github-attestations"

[tools."aqua:zizmorcore/zizmor"."platforms.macos-arm64"]
checksum = "sha256:720322fade9e83a9c7953944c438f2ba942636b86b96a8f0e6b15ce94c8a6b6f"
url = "https://github.com/zizmorcore/zizmor/releases/download/v1.29.0/zizmor-aarch64-apple-darwin.tar.gz"
url_api = "https://api.github.com/repos/zizmorcore/zizmor/releases/assets/498263141"
provenance = "github-attestations"

[[tools."cargo:cargo-fuzz"]]
version = "0.13.2"
backend = "cargo:cargo-fuzz"

[[tools.cosign]]
version = "3.1.3"
backend = "aqua:sigstore/cosign"

[tools.cosign."platforms.linux-arm64"]
checksum = "sha256:c5d324e091826b0d7a78eb16fef316450b4eb9aaec045611c08ba06f5e73220a"
url = "https://github.com/sigstore/cosign/releases/download/v3.1.3/cosign-linux-arm64"
url_api = "https://api.github.com/repos/sigstore/cosign/releases/assets/503286299"
provenance = "cosign"

[tools.cosign."platforms.linux-x64"]
checksum = "sha256:4629c757b7618056f8ddd7e2625ae9fdd94c0372a65049520bc7d9df9efc7f71"
url = "https://github.com/sigstore/cosign/releases/download/v3.1.3/cosign-linux-amd64"
url_api = "https://api.github.com/repos/sigstore/cosign/releases/assets/503286005"
provenance = "cosign"

[tools.cosign."platforms.macos-arm64"]
checksum = "sha256:5cf948c2f4dfe59687bdd0b8523709067383e03982cc543475c8a7dc70e92a76"
url = "https://github.com/sigstore/cosign/releases/download/v3.1.3/cosign-darwin-arm64"
url_api = "https://api.github.com/repos/sigstore/cosign/releases/assets/503286205"
provenance = "cosign"

[[tools.editorconfig-checker]]
version = "3.8.0"
backend = "aqua:editorconfig-checker/editorconfig-checker"

[tools.editorconfig-checker."platforms.linux-arm64"]
checksum = "sha256:5676889ac4eed1036180ffbe2aeb2062d985ac50f7e6035fe61160c6b8be2c33"
url = "https://github.com/editorconfig-checker/editorconfig-checker/releases/download/v3.8.0/ec-linux-arm64.tar.gz"
url_api = "https://api.github.com/repos/editorconfig-checker/editorconfig-checker/releases/assets/460248498"

[tools.editorconfig-checker."platforms.linux-arm64-musl"]
checksum = "sha256:5676889ac4eed1036180ffbe2aeb2062d985ac50f7e6035fe61160c6b8be2c33"
url = "https://github.com/editorconfig-checker/editorconfig-checker/releases/download/v3.8.0/ec-linux-arm64.tar.gz"
url_api = "https://api.github.com/repos/editorconfig-checker/editorconfig-checker/releases/assets/460248498"

[tools.editorconfig-checker."platforms.linux-x64"]
checksum = "sha256:613bd88f34165a334adcb6b7e92a123c9de0eada65846d31af63613b779ff3be"
url = "https://github.com/editorconfig-checker/editorconfig-checker/releases/download/v3.8.0/ec-linux-amd64.tar.gz"
url_api = "https://api.github.com/repos/editorconfig-checker/editorconfig-checker/releases/assets/460248510"

[tools.editorconfig-checker."platforms.linux-x64-musl"]
checksum = "sha256:613bd88f34165a334adcb6b7e92a123c9de0eada65846d31af63613b779ff3be"
url = "https://github.com/editorconfig-checker/editorconfig-checker/releases/download/v3.8.0/ec-linux-amd64.tar.gz"
url_api = "https://api.github.com/repos/editorconfig-checker/editorconfig-checker/releases/assets/460248510"

[tools.editorconfig-checker."platforms.macos-arm64"]
checksum = "sha256:73bbb23c24b94c9e61d7ed3694cc313943c59e5e8bc5bee9f186a997a45eb046"
url = "https://github.com/editorconfig-checker/editorconfig-checker/releases/download/v3.8.0/ec-darwin-arm64.tar.gz"
url_api = "https://api.github.com/repos/editorconfig-checker/editorconfig-checker/releases/assets/460248516"

[tools.editorconfig-checker."platforms.macos-x64"]
checksum = "sha256:ee0d45c94b9808a5aa15e08f94333a81842b456f511f29f71a8fe589b82d72a1"
url = "https://github.com/editorconfig-checker/editorconfig-checker/releases/download/v3.8.0/ec-darwin-amd64.tar.gz"
url_api = "https://api.github.com/repos/editorconfig-checker/editorconfig-checker/releases/assets/460248506"

[tools.editorconfig-checker."platforms.windows-x64"]
checksum = "sha256:7ec31e1a6a9983aa2a4942cb66dfd35e8b61e76263460413988438ae1426906a"
url = "https://github.com/editorconfig-checker/editorconfig-checker/releases/download/v3.8.0/ec-windows-amd64.zip"
url_api = "https://api.github.com/repos/editorconfig-checker/editorconfig-checker/releases/assets/460248513"

[[tools."github:bnjbvr/cargo-machete"]]
version = "0.9.2"
backend = "github:bnjbvr/cargo-machete"

[tools."github:bnjbvr/cargo-machete"."platforms.linux-arm64"]
checksum = "sha256:6f96c3e6026a5bdd241b6ae600c6fb86c9197c6e189a894f91371baa01fd10f5"
url = "https://github.com/bnjbvr/cargo-machete/releases/download/v0.9.2/cargo-machete-v0.9.2-aarch64-unknown-linux-gnu.tar.gz"
url_api = "https://api.github.com/repos/bnjbvr/cargo-machete/releases/assets/397130991"

[tools."github:bnjbvr/cargo-machete"."platforms.linux-x64"]
checksum = "sha256:48200087f54c55aabcd4db4af1e25742b49846c02a1b1bfa134711945b35b2e9"
url = "https://github.com/bnjbvr/cargo-machete/releases/download/v0.9.2/cargo-machete-v0.9.2-x86_64-unknown-linux-musl.tar.gz"
url_api = "https://api.github.com/repos/bnjbvr/cargo-machete/releases/assets/397131172"

[tools."github:bnjbvr/cargo-machete"."platforms.macos-arm64"]
checksum = "sha256:63e28fee386d82d33f2d12406c857f98e2d4697f3f7df7f71f34dff07fca0fde"
url = "https://github.com/bnjbvr/cargo-machete/releases/download/v0.9.2/cargo-machete-v0.9.2-aarch64-apple-darwin.tar.gz"
url_api = "https://api.github.com/repos/bnjbvr/cargo-machete/releases/assets/397131114"

[[tools.gitleaks]]
version = "8.30.1"
backend = "aqua:gitleaks/gitleaks"

[tools.gitleaks."platforms.linux-arm64"]
checksum = "sha256:e4a487ee7ccd7d3a7f7ec08657610aa3606637dab924210b3aee62570fb4b080"
url = "https://github.com/gitleaks/gitleaks/releases/download/v8.30.1/gitleaks_8.30.1_linux_arm64.tar.gz"
url_api = "https://api.github.com/repos/gitleaks/gitleaks/releases/assets/378332057"

[tools.gitleaks."platforms.linux-x64"]
checksum = "sha256:551f6fc83ea457d62a0d98237cbad105af8d557003051f41f3e7ca7b3f2470eb"
url = "https://github.com/gitleaks/gitleaks/releases/download/v8.30.1/gitleaks_8.30.1_linux_x64.tar.gz"
url_api = "https://api.github.com/repos/gitleaks/gitleaks/releases/assets/378332058"

[tools.gitleaks."platforms.macos-arm64"]
checksum = "sha256:b40ab0ae55c505963e365f271a8d3846efbc170aa17f2607f13df610a9aeb6a5"
url = "https://github.com/gitleaks/gitleaks/releases/download/v8.30.1/gitleaks_8.30.1_darwin_arm64.tar.gz"
url_api = "https://api.github.com/repos/gitleaks/gitleaks/releases/assets/378332059"

[[tools.hadolint]]
version = "2.15.1"
backend = "aqua:hadolint/hadolint"

[tools.hadolint."platforms.linux-arm64"]
checksum = "sha256:f6198ef8090f404dbb771abfee086eb8c48ac177f30da7fd3510aca35b344b5d"
url = "https://github.com/hadolint/hadolint/releases/download/v2.15.1/hadolint-linux-arm64"
url_api = "https://api.github.com/repos/hadolint/hadolint/releases/assets/496546507"
provenance = "github-attestations"

[tools.hadolint."platforms.linux-x64"]
checksum = "sha256:c7187db94eeeeca956519a6af171adc31453941a1e777961f6e680f697c8c507"
url = "https://github.com/hadolint/hadolint/releases/download/v2.15.1/hadolint-linux-x86_64"
url_api = "https://api.github.com/repos/hadolint/hadolint/releases/assets/496546506"
provenance = "github-attestations"

[tools.hadolint."platforms.macos-arm64"]
checksum = "sha256:5c09f3213f8e40406abe048233d985eebef336d4a6a20021be47fadb6cf480a2"
url = "https://github.com/hadolint/hadolint/releases/download/v2.15.1/hadolint-macos-arm64"
url_api = "https://api.github.com/repos/hadolint/hadolint/releases/assets/496546505"
provenance = "github-attestations"

[[tools.lefthook]]
version = "2.1.10"
backend = "aqua:evilmartians/lefthook"

[tools.lefthook."platforms.linux-arm64"]
checksum = "sha256:6380a6ad6dd484466fd69bd83f24491d6ec27dc0b84e837be025620f7c4e11e3"
url = "https://github.com/evilmartians/lefthook/releases/download/v2.1.10/lefthook_2.1.10_Linux_aarch64.gz"
url_api = "https://api.github.com/repos/evilmartians/lefthook/releases/assets/470227512"
provenance = "github-attestations"

[tools.lefthook."platforms.linux-arm64-musl"]
checksum = "sha256:6380a6ad6dd484466fd69bd83f24491d6ec27dc0b84e837be025620f7c4e11e3"
url = "https://github.com/evilmartians/lefthook/releases/download/v2.1.10/lefthook_2.1.10_Linux_aarch64.gz"
url_api = "https://api.github.com/repos/evilmartians/lefthook/releases/assets/470227512"
provenance = "github-attestations"

[tools.lefthook."platforms.linux-x64"]
checksum = "sha256:0b14162a0bb2f0c64ae0759f6102f6e19c4d00981666a8ac73d4f5a6878ada4f"
url = "https://github.com/evilmartians/lefthook/releases/download/v2.1.10/lefthook_2.1.10_Linux_x86_64.gz"
url_api = "https://api.github.com/repos/evilmartians/lefthook/releases/assets/470227493"
provenance = "github-attestations"

[tools.lefthook."platforms.linux-x64-musl"]
checksum = "sha256:0b14162a0bb2f0c64ae0759f6102f6e19c4d00981666a8ac73d4f5a6878ada4f"
url = "https://github.com/evilmartians/lefthook/releases/download/v2.1.10/lefthook_2.1.10_Linux_x86_64.gz"
url_api = "https://api.github.com/repos/evilmartians/lefthook/releases/assets/470227493"
provenance = "github-attestations"

[tools.lefthook."platforms.macos-arm64"]
checksum = "sha256:1dd4dc7b4c50efb1f9d9122cd6535c793738d6e59751c228d49f768ec9dbb604"
url = "https://github.com/evilmartians/lefthook/releases/download/v2.1.10/lefthook_2.1.10_MacOS_arm64.gz"
url_api = "https://api.github.com/repos/evilmartians/lefthook/releases/assets/470227499"
provenance = "github-attestations"

[tools.lefthook."platforms.macos-x64"]
checksum = "sha256:49d905f28ca46442cb236060058b252da650b5f7b864bd275b61aa46945e8c4a"
url = "https://github.com/evilmartians/lefthook/releases/download/v2.1.10/lefthook_2.1.10_MacOS_x86_64.gz"
url_api = "https://api.github.com/repos/evilmartians/lefthook/releases/assets/470227495"
provenance = "github-attestations"

[tools.lefthook."platforms.windows-x64"]
checksum = "sha256:beabbce824641ae71229ed11dd8634f47148921cb649d25c90441b737481494a"
url = "https://github.com/evilmartians/lefthook/releases/download/v2.1.10/lefthook_2.1.10_Windows_x86_64.gz"
url_api = "https://api.github.com/repos/evilmartians/lefthook/releases/assets/470227505"
provenance = "github-attestations"

[[tools.lychee]]
version = "0.24.2"
backend = "aqua:lycheeverse/lychee"

[tools.lychee."platforms.linux-arm64"]
checksum = "sha256:5d0b0e3aeab240f41920c633a6eaf97599be6eedda034b36e858ede7dba5e535"
url = "https://github.com/lycheeverse/lychee/releases/download/lychee-v0.24.2/lychee-aarch64-unknown-linux-musl.tar.gz"
url_api = "https://api.github.com/repos/lycheeverse/lychee/releases/assets/409958602"

[tools.lychee."platforms.linux-x64"]
checksum = "sha256:73657a111819a30c47c08352896796f23d64e4eb2b3ed39b6d32149241566fc5"
url = "https://github.com/lycheeverse/lychee/releases/download/lychee-v0.24.2/lychee-x86_64-unknown-linux-musl.tar.gz"
url_api = "https://api.github.com/repos/lycheeverse/lychee/releases/assets/409959271"

[tools.lychee."platforms.macos-arm64"]
checksum = "sha256:c9d3740ea2d891854d37116c9fba840f37b6e7c89d330e7db84ac333631c4977"
url = "https://github.com/lycheeverse/lychee/releases/download/lychee-v0.24.2/lychee-aarch64-apple-darwin.tar.gz"
url_api = "https://api.github.com/repos/lycheeverse/lychee/releases/assets/409957951"

[[tools.node]]
version = "26.6.0"
backend = "core:node"

[tools.node."platforms.linux-arm64"]
checksum = "sha256:51c59de738843677a3c97bccbdbf9895141cb308bf25a95daeafd1aade09f0d5"
url = "https://nodejs.org/dist/v26.6.0/node-v26.6.0-linux-arm64.tar.gz"

[tools.node."platforms.linux-x64"]
checksum = "sha256:714f352a7539c5ce09af15e440cbaadbe935bb23ba23fcee66b066d00a063822"
url = "https://nodejs.org/dist/v26.6.0/node-v26.6.0-linux-x64.tar.gz"

[tools.node."platforms.macos-arm64"]
checksum = "sha256:75480cd43b6fcb35d8e772dd18983fbd9f691b2f03b1c94393206098e9944b5e"
url = "https://nodejs.org/dist/v26.6.0/node-v26.6.0-darwin-arm64.tar.gz"

[[tools."npm:markdownlint-cli2"]]
version = "0.23.2"
backend = "npm:markdownlint-cli2"

[[tools."pipx:codespell"]]
version = "2.4.3"
backend = "pipx:codespell"

[[tools.rust]]
version = "1.97.1"
backend = "core:rust"

[tools.rust.options]
components = "clippy,rustfmt"

[[tools.shellcheck]]
version = "0.11.0"
backend = "aqua:koalaman/shellcheck"

[tools.shellcheck."platforms.linux-arm64"]
checksum = "sha256:12b331c1d2db6b9eb13cfca64306b1b157a86eb69db83023e261eaa7e7c14588"
url = "https://github.com/koalaman/shellcheck/releases/download/v0.11.0/shellcheck-v0.11.0.linux.aarch64.tar.xz"
url_api = "https://api.github.com/repos/koalaman/shellcheck/releases/assets/279056934"

[tools.shellcheck."platforms.linux-arm64-musl"]
checksum = "sha256:12b331c1d2db6b9eb13cfca64306b1b157a86eb69db83023e261eaa7e7c14588"
url = "https://github.com/koalaman/shellcheck/releases/download/v0.11.0/shellcheck-v0.11.0.linux.aarch64.tar.xz"
url_api = "https://api.github.com/repos/koalaman/shellcheck/releases/assets/279056934"

[tools.shellcheck."platforms.linux-x64"]
checksum = "sha256:8c3be12b05d5c177a04c29e3c78ce89ac86f1595681cab149b65b97c4e227198"
url = "https://github.com/koalaman/shellcheck/releases/download/v0.11.0/shellcheck-v0.11.0.linux.x86_64.tar.xz"
url_api = "https://api.github.com/repos/koalaman/shellcheck/releases/assets/279056942"

[tools.shellcheck."platforms.linux-x64-musl"]
checksum = "sha256:8c3be12b05d5c177a04c29e3c78ce89ac86f1595681cab149b65b97c4e227198"
url = "https://github.com/koalaman/shellcheck/releases/download/v0.11.0/shellcheck-v0.11.0.linux.x86_64.tar.xz"
url_api = "https://api.github.com/repos/koalaman/shellcheck/releases/assets/279056942"

[tools.shellcheck."platforms.macos-arm64"]
checksum = "sha256:56affdd8de5527894dca6dc3d7e0a99a873b0f004d7aabc30ae407d3f48b0a79"
url = "https://github.com/koalaman/shellcheck/releases/download/v0.11.0/shellcheck-v0.11.0.darwin.aarch64.tar.xz"
url_api = "https://api.github.com/repos/koalaman/shellcheck/releases/assets/279056932"

[tools.shellcheck."platforms.macos-x64"]
checksum = "sha256:3c89db4edcab7cf1c27bff178882e0f6f27f7afdf54e859fa041fca10febe4c6"
url = "https://github.com/koalaman/shellcheck/releases/download/v0.11.0/shellcheck-v0.11.0.darwin.x86_64.tar.xz"
url_api = "https://api.github.com/repos/koalaman/shellcheck/releases/assets/279056930"

[tools.shellcheck."platforms.windows-x64"]
checksum = "sha256:8a4e35ab0b331c85d73567b12f2a444df187f483e5079ceffa6bda1faa2e740e"
url = "https://github.com/koalaman/shellcheck/releases/download/v0.11.0/shellcheck-v0.11.0.zip"
url_api = "https://api.github.com/repos/koalaman/shellcheck/releases/assets/279056944"

[[tools.shfmt]]
version = "3.13.1"
backend = "aqua:mvdan/sh"

[tools.shfmt."platforms.linux-arm64"]
checksum = "sha256:32d92acaa5cd8abb29fc49dac123dc412442d5713967819d8af2c29f1b3857c7"
url = "https://github.com/mvdan/sh/releases/download/v3.13.1/shfmt_v3.13.1_linux_arm64"
url_api = "https://api.github.com/repos/mvdan/sh/releases/assets/390322859"

[tools.shfmt."platforms.linux-arm64-musl"]
checksum = "sha256:32d92acaa5cd8abb29fc49dac123dc412442d5713967819d8af2c29f1b3857c7"
url = "https://github.com/mvdan/sh/releases/download/v3.13.1/shfmt_v3.13.1_linux_arm64"
url_api = "https://api.github.com/repos/mvdan/sh/releases/assets/390322859"

[tools.shfmt."platforms.linux-x64"]
checksum = "sha256:fb096c5d1ac6beabbdbaa2874d025badb03ee07929f0c9ff67563ce8c75398b1"
url = "https://github.com/mvdan/sh/releases/download/v3.13.1/shfmt_v3.13.1_linux_amd64"
url_api = "https://api.github.com/repos/mvdan/sh/releases/assets/390322866"

[tools.shfmt."platforms.linux-x64-musl"]
checksum = "sha256:fb096c5d1ac6beabbdbaa2874d025badb03ee07929f0c9ff67563ce8c75398b1"
url = "https://github.com/mvdan/sh/releases/download/v3.13.1/shfmt_v3.13.1_linux_amd64"
url_api = "https://api.github.com/repos/mvdan/sh/releases/assets/390322866"

[tools.shfmt."platforms.macos-arm64"]
checksum = "sha256:9680526be4a66ea1ffe988ed08af58e1400fe1e4f4aef5bd88b20bb9b3da33f8"
url = "https://github.com/mvdan/sh/releases/download/v3.13.1/shfmt_v3.13.1_darwin_arm64"
url_api = "https://api.github.com/repos/mvdan/sh/releases/assets/390322881"

[tools.shfmt."platforms.macos-x64"]
checksum = "sha256:6feedafc72915794163114f512348e2437d080d0047ef8b8fa2ec63b575f12af"
url = "https://github.com/mvdan/sh/releases/download/v3.13.1/shfmt_v3.13.1_darwin_amd64"
url_api = "https://api.github.com/repos/mvdan/sh/releases/assets/390322886"

[tools.shfmt."platforms.windows-x64"]
checksum = "sha256:60cd368533d0ad73fa86d93d5bbf95ef40587245ce684ed138c1b31557b5fe97"
url = "https://github.com/mvdan/sh/releases/download/v3.13.1/shfmt_v3.13.1_windows_amd64.exe"
url_api = "https://api.github.com/repos/mvdan/sh/releases/assets/390322844"

[[tools.taplo]]
version = "0.10.0"
backend = "aqua:tamasfe/taplo"

[tools.taplo."platforms.linux-arm64"]
url = "https://github.com/tamasfe/taplo/releases/download/0.10.0/taplo-linux-aarch64.gz"
url_api = "https://api.github.com/repos/tamasfe/taplo/releases/assets/257322597"

[tools.taplo."platforms.linux-arm64-musl"]
url = "https://github.com/tamasfe/taplo/releases/download/0.10.0/taplo-linux-aarch64.gz"
url_api = "https://api.github.com/repos/tamasfe/taplo/releases/assets/257322597"

[tools.taplo."platforms.linux-x64"]
url = "https://github.com/tamasfe/taplo/releases/download/0.10.0/taplo-linux-x86_64.gz"
url_api = "https://api.github.com/repos/tamasfe/taplo/releases/assets/257322600"

[tools.taplo."platforms.linux-x64-musl"]
url = "https://github.com/tamasfe/taplo/releases/download/0.10.0/taplo-linux-x86_64.gz"
url_api = "https://api.github.com/repos/tamasfe/taplo/releases/assets/257322600"

[tools.taplo."platforms.macos-arm64"]
url = "https://github.com/tamasfe/taplo/releases/download/0.10.0/taplo-darwin-aarch64.gz"
url_api = "https://api.github.com/repos/tamasfe/taplo/releases/assets/257323110"

[tools.taplo."platforms.macos-x64"]
url = "https://github.com/tamasfe/taplo/releases/download/0.10.0/taplo-darwin-x86_64.gz"
url_api = "https://api.github.com/repos/tamasfe/taplo/releases/assets/257323116"

[tools.taplo."platforms.windows-x64"]
url = "https://github.com/tamasfe/taplo/releases/download/0.10.0/taplo-windows-x86_64.zip"
url_api = "https://api.github.com/repos/tamasfe/taplo/releases/assets/257323062"

[[tools.task]]
version = "3.52.0"
backend = "aqua:go-task/task"

[tools.task."platforms.linux-arm64"]
checksum = "sha256:7e0044108830cec0534577b289564e3b7c83e6df276feb631a1edc63d04e4ebe"
url = "https://github.com/go-task/task/releases/download/v3.52.0/task_linux_arm64.tar.gz"
url_api = "https://api.github.com/repos/go-task/task/releases/assets/464613352"

[tools.task."platforms.linux-arm64-musl"]
checksum = "sha256:7e0044108830cec0534577b289564e3b7c83e6df276feb631a1edc63d04e4ebe"
url = "https://github.com/go-task/task/releases/download/v3.52.0/task_linux_arm64.tar.gz"
url_api = "https://api.github.com/repos/go-task/task/releases/assets/464613352"

[tools.task."platforms.linux-x64"]
checksum = "sha256:02c679ffae53dca791804847d78b31731615894e292948397c971c87ac9e95bd"
url = "https://github.com/go-task/task/releases/download/v3.52.0/task_linux_amd64.tar.gz"
url_api = "https://api.github.com/repos/go-task/task/releases/assets/464613330"

[tools.task."platforms.linux-x64-musl"]
checksum = "sha256:02c679ffae53dca791804847d78b31731615894e292948397c971c87ac9e95bd"
url = "https://github.com/go-task/task/releases/download/v3.52.0/task_linux_amd64.tar.gz"
url_api = "https://api.github.com/repos/go-task/task/releases/assets/464613330"

[tools.task."platforms.macos-arm64"]
checksum = "sha256:debfa9a3bc06fcb5d5550b44725ecd22bb305499ce057bd6d7a774db5cdaa7b8"
url = "https://github.com/go-task/task/releases/download/v3.52.0/task_darwin_arm64.tar.gz"
url_api = "https://api.github.com/repos/go-task/task/releases/assets/464613319"

[tools.task."platforms.macos-x64"]
checksum = "sha256:416348147bc2f1c729417249d932add7894fb01a126128778195942c249d7c0b"
url = "https://github.com/go-task/task/releases/download/v3.52.0/task_darwin_amd64.tar.gz"
url_api = "https://api.github.com/repos/go-task/task/releases/assets/464613314"

[tools.task."platforms.windows-x64"]
checksum = "sha256:e3bd4439b445f4f135758a2666ec8b33ccde789f7f615309c58f116b0e566e79"
url = "https://github.com/go-task/task/releases/download/v3.52.0/task_windows_amd64.zip"
url_api = "https://api.github.com/repos/go-task/task/releases/assets/464613286"

[[tools.trivy]]
version = "0.72.0"
backend = "aqua:aquasecurity/trivy"

[tools.trivy."platforms.linux-arm64"]
checksum = "sha256:2ca2c023109c2db6b2b77366b6717291452d4531167377d95c79547f0c8e3467"
url = "https://github.com/aquasecurity/trivy/releases/download/v0.72.0/trivy_0.72.0_Linux-ARM64.tar.gz"
url_api = "https://api.github.com/repos/aquasecurity/trivy/releases/assets/462015056"
provenance = "cosign"

[tools.trivy."platforms.linux-x64"]
checksum = "sha256:bbb64b9695866ce4a7a8f5c9592002c5961cab378577fa3f8a040df362b9b2ea"
url = "https://github.com/aquasecurity/trivy/releases/download/v0.72.0/trivy_0.72.0_Linux-64bit.tar.gz"
url_api = "https://api.github.com/repos/aquasecurity/trivy/releases/assets/462015055"
provenance = "cosign"

[tools.trivy."platforms.macos-arm64"]
checksum = "sha256:88f208680dc05da2b459e19b4f5aa2b4dc7c2117892ba4aab2ae63baba330016"
url = "https://github.com/aquasecurity/trivy/releases/download/v0.72.0/trivy_0.72.0_macOS-ARM64.tar.gz"
url_api = "https://api.github.com/repos/aquasecurity/trivy/releases/assets/462015117"
provenance = "cosign"

[[tools.uv]]
version = "0.12.1"
backend = "aqua:astral-sh/uv"

[tools.uv."platforms.linux-arm64"]
checksum = "sha256:ce218dad9eb48a39dd86160bec6291fac7275f20a9cabcc4bc10dd2c757208f8"
url = "https://github.com/astral-sh/uv/releases/download/0.12.1/uv-aarch64-unknown-linux-musl.tar.gz"
url_api = "https://api.github.com/repos/astral-sh/uv/releases/assets/497097080"
provenance = "github-attestations"

[tools.uv."platforms.linux-x64"]
checksum = "sha256:47823f814693bab8623308341369190de30b5c621eec5b1ee20352eae8c7982c"
url = "https://github.com/astral-sh/uv/releases/download/0.12.1/uv-x86_64-unknown-linux-musl.tar.gz"
url_api = "https://api.github.com/repos/astral-sh/uv/releases/assets/497097157"
provenance = "github-attestations"

[tools.uv."platforms.macos-arm64"]
checksum = "sha256:77d2906988e8074fd43f2f329ec452ebbf9b0c257ba1c66451c71de70a6baf42"
url = "https://github.com/astral-sh/uv/releases/download/0.12.1/uv-aarch64-apple-darwin.tar.gz"
url_api = "https://api.github.com/repos/astral-sh/uv/releases/assets/497097062"
provenance = "github-attestations"

[[tools.yamllint]]
version = "1.38.0"
backend = "pipx:yamllint"
